NeoBundleLock vim-markdown 409c37b205afa2f9d590e23de8171482d66770e2
NeoBundleLock tern_for_vim 14e8aa8fcdd30ed80d1dace8b7bf91cd48084a20
NeoBundleLock unite.vim 10deba49809a0a4905a885ef36fc77d85f7f6923
NeoBundleLock vim-javascript-syntax 1c0ea2481d3562ded17298ed683ad7ef2371dd94
NeoBundleLock vim-easymotion 868cd71710a48e8ec8acffeabd1eebfb10812c77
NeoBundleLock undotree 14655d87774b1f35b5bd23c6de64f535d90ed48d
NeoBundleLock vim-airline 0bc3a2111693c0292457d19488c09b3766de1fe8
NeoBundleLock locate.vim ae83d2e19bbe504ffa0db766eca1cdc058dc8529
NeoBundleLock ctrlp.vim b5d3fe66a58a13d2ff8b6391f4387608496a030f
NeoBundleLock vim-javascript f8122fd1caca68b2592553e43dad45b3dc445a06
NeoBundleLock vim-emoji b4823f4e57e29a221b070498648b93fb1f648897
NeoBundleLock phpcomplete-extended 7cd1f9690a2236efb866dfe2de557099b0fceaa1
NeoBundleLock vim-signify 2723b1e86e3ecc6ffba0385aaefbc04f8215da7f
NeoBundleLock vim-fidget 0d08bb1ab22d9bcf9b14067e1f33bd91eb862079
NeoBundleLock vim-bling c23b61491fa12bf58560457df97b91e99db61808
NeoBundleLock supertab 4e2376a5b4fe3a1f71eb5ec2deb745d98fabde19
NeoBundleLock neocomplete 6362880fad5de338c8af02cb65bb0317d6b7d8bd
NeoBundleLock vimproc 3e055023dfab4f5a4dfa05a834f9d0cb7294a82e
NeoBundleLock vim-js-context-coloring e59ee0f30665f9a80045047bedf9d967dea0dd1d
NeoBundleLock vim-node 07a5e9f914dda778cdcefde3274d0f2ee5a75961
NeoBundleLock nerdtree 4f1e6ecb057fc0bac189171c1430d71ef25f6bb1
NeoBundleLock vim-jade f0ca7b562052a661b35dee50bcf31eeaf8558201
NeoBundleLock vim-fugitive 0374322ba5d85ae44dd9dc44ef31ca015a59097e
NeoBundleLock dash.vim 23ba6b7e988a97c7dc43f96d720eccd6b20ccb8f
NeoBundleLock semantic-highlight.vim 760f0dba3989cbfb91a06734558f9f7b8431ed07
NeoBundleLock vim-go 27f6b2ada52fed819265ba51607a45d8468b8479
NeoBundleLock javascript-libraries-syntax.vim c3e09cc87417f41047d4b324160ed42277757a4a
NeoBundleLock neobundle.vim 00969e5ed2c6fe5d6e7d3c843370aae9c085bd2d
NeoBundleLock tagbar f3a369c31d0b19ead7cf32358bd262b9ecfba318
NeoBundleLock vim-polyglot bd35da8e9ca0bddd95539bef0c8f4857dc4cc746
